{
  "lockfile-version": 1,
  "manifest": {
    "version": 1,
    "install": {
      "bash": {
        "pkg-path": "bash"
      }
    },
    "hook": {},
    "profile": {},
    "options": {},
    "build": {
      "purge-storepath": {
        "command": "  mkdir -p $out/bin\n  cp purge-storepath.sh $out/bin/purge-storepath\n  chmod a+x $out/bin/purge-storepath\n",
        "version": "0.1.0",
        "description": "Purge a nix store path, handling referrers and roots"
      }
    }
  },
  "packages": [
    {
      "attr_path": "bash",
      "broken": false,
      "derivation": "/nix/store/0dh91zr8cm3c3r5pmyfp6v79r1fx2map-bash-interactive-5.2p37.drv",
      "description": "GNU Bourne-Again Shell, the de facto standard shell on Linux (for interactive use)",
      "install_id": "bash",
      "license": "GPL-3.0-or-later",
      "locked_url": "https://github.com/flox/nixpkgs?rev=9e83b64f727c88a7711a2c463a7b16eedb69a84c",
      "name": "bash-interactive-5.2p37",
      "pname": "bash",
      "rev": "9e83b64f727c88a7711a2c463a7b16eedb69a84c",
      "rev_count": 816272,
      "rev_date": "2025-06-17T04:31:58Z",
      "scrape_date": "2025-06-18T00:36:15.524936Z",
      "stabilities": [
        "unstable"
      ],
      "unfree": false,
      "version": "5.2p37",
      "outputs_to_install": [
        "man",
        "out"
      ],
      "outputs": {
        "dev": "/nix/store/53a61nyj51khjiclybi6vgrznjraib3b-bash-interactive-5.2p37-dev",
        "doc": "/nix/store/7yli2zlcgjfagc27v41lwswmixmggdwa-bash-interactive-5.2p37-doc",
        "info": "/nix/store/83vss0vbdrq05jwfrhgn8055bfcr44c7-bash-interactive-5.2p37-info",
        "man": "/nix/store/yqmbsgprykp8rkzmnzghjj043zb385ww-bash-interactive-5.2p37-man",
        "out": "/nix/store/g2r737j05jgy19c2yqnyvs71w8bxk4b1-bash-interactive-5.2p37"
      },
      "system": "aarch64-darwin",
      "group": "toplevel",
      "priority": 5
    },
    {
      "attr_path": "bash",
      "broken": false,
      "derivation": "/nix/store/pf9af7mr8x5y7p1756rw5dnlpb5509kb-bash-interactive-5.2p37.drv",
      "description": "GNU Bourne-Again Shell, the de facto standard shell on Linux (for interactive use)",
      "install_id": "bash",
      "license": "GPL-3.0-or-later",
      "locked_url": "https://github.com/flox/nixpkgs?rev=9e83b64f727c88a7711a2c463a7b16eedb69a84c",
      "name": "bash-interactive-5.2p37",
      "pname": "bash",
      "rev": "9e83b64f727c88a7711a2c463a7b16eedb69a84c",
      "rev_count": 816272,
      "rev_date": "2025-06-17T04:31:58Z",
      "scrape_date": "2025-06-18T00:54:47.975272Z",
      "stabilities": [
        "unstable"
      ],
      "unfree": false,
      "version": "5.2p37",
      "outputs_to_install": [
        "man",
        "out"
      ],
      "outputs": {
        "debug": "/nix/store/hkc6bh31i4s7vsjyha8nk4dxrms48is8-bash-interactive-5.2p37-debug",
        "dev": "/nix/store/x47l5zj1bw3imkb975yx31h3clydrzha-bash-interactive-5.2p37-dev",
        "doc": "/nix/store/byi69qi0r7lfs6c4j52qr4p75h00168v-bash-interactive-5.2p37-doc",
        "info": "/nix/store/c1c3xyf5swa2ssr9lpssqyk44d2vpg1j-bash-interactive-5.2p37-info",
        "man": "/nix/store/s8dwwp6wz73yr946a4sjsal4ijljv3m4-bash-interactive-5.2p37-man",
        "out": "/nix/store/0lg0kxzr3j67sl6ydrkcmcqk01jg89aa-bash-interactive-5.2p37"
      },
      "system": "aarch64-linux",
      "group": "toplevel",
      "priority": 5
    },
    {
      "attr_path": "bash",
      "broken": false,
      "derivation": "/nix/store/gp69vf2xrf411g622mg5f7dpchgjk02j-bash-interactive-5.2p37.drv",
      "description": "GNU Bourne-Again Shell, the de facto standard shell on Linux (for interactive use)",
      "install_id": "bash",
      "license": "GPL-3.0-or-later",
      "locked_url": "https://github.com/flox/nixpkgs?rev=9e83b64f727c88a7711a2c463a7b16eedb69a84c",
      "name": "bash-interactive-5.2p37",
      "pname": "bash",
      "rev": "9e83b64f727c88a7711a2c463a7b16eedb69a84c",
      "rev_count": 816272,
      "rev_date": "2025-06-17T04:31:58Z",
      "scrape_date": "2025-06-18T01:12:22.787003Z",
      "stabilities": [
        "unstable"
      ],
      "unfree": false,
      "version": "5.2p37",
      "outputs_to_install": [
        "man",
        "out"
      ],
      "outputs": {
        "dev": "/nix/store/cp4lxxx520jm6l87p7drk72fikwrvg11-bash-interactive-5.2p37-dev",
        "doc": "/nix/store/f8jf3h6m9x322rkilyph467zfr2wb7j0-bash-interactive-5.2p37-doc",
        "info": "/nix/store/7hylfficsccag91m8pp7vpwkps52a9hp-bash-interactive-5.2p37-info",
        "man": "/nix/store/a0zpkp6s878hi3vrhz2wvwynwndi31cc-bash-interactive-5.2p37-man",
        "out": "/nix/store/iaa9ygh4y84ibrnd96j4pb5v0r5n87f3-bash-interactive-5.2p37"
      },
      "system": "x86_64-darwin",
      "group": "toplevel",
      "priority": 5
    },
    {
      "attr_path": "bash",
      "broken": false,
      "derivation": "/nix/store/fg8j7klr6mm1ki4qiq5a3fk5swp42b5f-bash-interactive-5.2p37.drv",
      "description": "GNU Bourne-Again Shell, the de facto standard shell on Linux (for interactive use)",
      "install_id": "bash",
      "license": "GPL-3.0-or-later",
      "locked_url": "https://github.com/flox/nixpkgs?rev=9e83b64f727c88a7711a2c463a7b16eedb69a84c",
      "name": "bash-interactive-5.2p37",
      "pname": "bash",
      "rev": "9e83b64f727c88a7711a2c463a7b16eedb69a84c",
      "rev_count": 816272,
      "rev_date": "2025-06-17T04:31:58Z",
      "scrape_date": "2025-06-18T01:32:27.367623Z",
      "stabilities": [
        "unstable"
      ],
      "unfree": false,
      "version": "5.2p37",
      "outputs_to_install": [
        "man",
        "out"
      ],
      "outputs": {
        "debug": "/nix/store/lyi453yphbdm0q39knhkjw72dxz0pzb9-bash-interactive-5.2p37-debug",
        "dev": "/nix/store/61hjink4vi1ac1lspy6qgl6mh9x8yxs4-bash-interactive-5.2p37-dev",
        "doc": "/nix/store/3frg3li12mwq7g4fpmgkjv43x5bqad7d-bash-interactive-5.2p37-doc",
        "info": "/nix/store/88cs6k2j021mh2ir1dzsl6m8vqgydyiw-bash-interactive-5.2p37-info",
        "man": "/nix/store/s3zz5nasd7qr894a8jrp6fy52pdrz2f1-bash-interactive-5.2p37-man",
        "out": "/nix/store/1q9lw4r2mbap8rsr8cja46nap6wvrw2p-bash-interactive-5.2p37"
      },
      "system": "x86_64-linux",
      "group": "toplevel",
      "priority": 5
    }
  ]
}